
Microsoft Visual Studio Solution File, Format Version 12.00
# Visual Studio Version 17
VisualStudioVersion = 17.14.36915.13 d17.14
MinimumVisualStudioVersion = 10.0.40219.1
Project("{F2A71F9B-5D33-465A-A702-920D77279786}") = "Laba 3", "Laba 3.fsproj", "{B9A961B9-5681-4A35-B5E0-6B1B7FA72590}"
EndProject
Project("{F2A71F9B-5D33-465A-A702-920D77279786}") = "Лаб 3 (3)", "..\Лаб 3 (3)\Лаб 3 (3).fsproj", "{780A804A-970C-46A9-9777-FA70E94205E0}"
EndProject
Global
	GlobalSection(SolutionConfigurationPlatforms) = preSolution
		Debug|Any CPU = Debug|Any CPU
		Release|Any CPU = Release|Any CPU
	EndGlobalSection
	GlobalSection(ProjectConfigurationPlatforms) = postSolution
		{B9A961B9-5681-4A35-B5E0-6B1B7FA72590}.Debug|Any CPU.ActiveCfg = Debug|Any CPU
		{B9A961B9-5681-4A35-B5E0-6B1B7FA72590}.Debug|Any CPU.Build.0 = Debug|Any CPU
		{B9A961B9-5681-4A35-B5E0-6B1B7FA72590}.Release|Any CPU.ActiveCfg = Release|Any CPU
		{B9A961B9-5681-4A35-B5E0-6B1B7FA72590}.Release|Any CPU.Build.0 = Release|Any CPU
		{780A804A-970C-46A9-9777-FA70E94205E0}.Debug|Any CPU.ActiveCfg = Debug|Any CPU
		{780A804A-970C-46A9-9777-FA70E94205E0}.Debug|Any CPU.Build.0 = Debug|Any CPU
		{780A804A-970C-46A9-9777-FA70E94205E0}.Release|Any CPU.ActiveCfg = Release|Any CPU
		{780A804A-970C-46A9-9777-FA70E94205E0}.Release|Any CPU.Build.0 = Release|Any CPU
	EndGlobalSection
	GlobalSection(SolutionProperties) = preSolution
		HideSolutionNode = FALSE
	EndGlobalSection
	GlobalSection(ExtensibilityGlobals) = postSolution
		SolutionGuid = {50D66EDD-82F3-4E4E-8C50-008C90F92EC8}
	EndGlobalSection
EndGlobal
